
Microsoft Visual Studio Solution File, Format Version 12.00
# Visual Studio Version 16
VisualStudioVersion = 16.0.29920.165
MinimumVisualStudioVersion = 10.0.40219.1
Project("{FAE04EC0-301F-11D3-BF4B-00C04F79EFBC}") = "KMP algorithm", "KMP algorithm\KMP algorithm.csproj", "{4A68ABC1-2A21-4254-BD77-C52A7B71295E}"
EndProject
Global
	GlobalSection(SolutionConfigurationPlatforms) = preSolution
		Debug|Any CPU = Debug|Any CPU
		Release|Any CPU = Release|Any CPU
	EndGlobalSection
	GlobalSection(ProjectConfigurationPlatforms) = postSolution
		{4A68ABC1-2A21-4254-BD77-C52A7B71295E}.Debug|Any CPU.ActiveCfg = Debug|Any CPU
		{4A68ABC1-2A21-4254-BD77-C52A7B71295E}.Debug|Any CPU.Build.0 = Debug|Any CPU
		{4A68ABC1-2A21-4254-BD77-C52A7B71295E}.Release|Any CPU.ActiveCfg = Release|Any CPU
		{4A68ABC1-2A21-4254-BD77-C52A7B71295E}.Release|Any CPU.Build.0 = Release|Any CPU
	EndGlobalSection
	GlobalSection(SolutionProperties) = preSolution
		HideSolutionNode = FALSE
	EndGlobalSection
	GlobalSection(ExtensibilityGlobals) = postSolution
		SolutionGuid = {18BAB991-7797-45ED-9F9C-6F6126810392}
	EndGlobalSection
EndGlobal
